// !$*UTF8*$!
{
	archiveVersion = 1;
	classes = {
	};
	objectVersion = 52;
	objects = {

/* Begin PBXBuildFile section */
		742FEE2425B388DA00575CB2 /* GifList.swift in Sources */ = {isa = PBXBuildFile; fileRef = 742FEE2325B388DA00575CB2 /* GifList.swift */; };
		742FEE2825B38B1A00575CB2 /* GifList+States.swift in Sources */ = {isa = PBXBuildFile; fileRef = 742FEE2725B38B1A00575CB2 /* GifList+States.swift */; };
		742FEE2E25B38EEE00575CB2 /* GifOverview.swift in Sources */ = {isa = PBXBuildFile; fileRef = 742FEE2D25B38EEE00575CB2 /* GifOverview.swift */; };
		742FEE3125B38F5300575CB2 /* GifList+Events.swift in Sources */ = {isa = PBXBuildFile; fileRef = 742FEE3025B38F5300575CB2 /* GifList+Events.swift */; };
		742FEE3525B390C600575CB2 /* GifList+Transitions.swift in Sources */ = {isa = PBXBuildFile; fileRef = 742FEE3425B390C600575CB2 /* GifList+Transitions.swift */; };
		742FEE3925B3978600575CB2 /* GifList+SideEffects.swift in Sources */ = {isa = PBXBuildFile; fileRef = 742FEE3825B3978600575CB2 /* GifList+SideEffects.swift */; };
		742FEE4325B3AA2500575CB2 /* StorageService.swift in Sources */ = {isa = PBXBuildFile; fileRef = 742FEE4225B3AA2500575CB2 /* StorageService.swift */; };
		742FEE4725B3AC3600575CB2 /* HTTPService.swift in Sources */ = {isa = PBXBuildFile; fileRef = 742FEE4625B3AC3600575CB2 /* HTTPService.swift */; };
		742FEE4B25B3B3A200575CB2 /* GifList+System.swift in Sources */ = {isa = PBXBuildFile; fileRef = 742FEE4A25B3B3A200575CB2 /* GifList+System.swift */; };
		742FEE5025B3B42D00575CB2 /* GifListRequestParameter.swift in Sources */ = {isa = PBXBuildFile; fileRef = 742FEE4E25B3B42D00575CB2 /* GifListRequestParameter.swift */; };
		742FEE5125B3B42D00575CB2 /* GifListResponse.swift in Sources */ = {isa = PBXBuildFile; fileRef = 742FEE4F25B3B42D00575CB2 /* GifListResponse.swift */; };
		742FEE5725B3CB6000575CB2 /* Pagination.swift in Sources */ = {isa = PBXBuildFile; fileRef = 742FEE5525B3CB6000575CB2 /* Pagination.swift */; };
		742FEE5825B3CB6000575CB2 /* Meta.swift in Sources */ = {isa = PBXBuildFile; fileRef = 742FEE5625B3CB6000575CB2 /* Meta.swift */; };
		742FEE5C25B3CC7200575CB2 /* GifList+RootView.swift in Sources */ = {isa = PBXBuildFile; fileRef = 742FEE5B25B3CC7200575CB2 /* GifList+RootView.swift */; };
		742FEE6025B3CC8800575CB2 /* GifList+ViewState.swift in Sources */ = {isa = PBXBuildFile; fileRef = 742FEE5F25B3CC8800575CB2 /* GifList+ViewState.swift */; };
		742FEE6325B3CED500575CB2 /* GifList+RowView.swift in Sources */ = {isa = PBXBuildFile; fileRef = 742FEE6225B3CED500575CB2 /* GifList+RowView.swift */; };
		742FEE6925B3D02500575CB2 /* ActivityIndicatorView.swift in Sources */ = {isa = PBXBuildFile; fileRef = 742FEE6825B3D02500575CB2 /* ActivityIndicatorView.swift */; };
		742FEE6C25B3D58300575CB2 /* Encodable+Dictionary.swift in Sources */ = {isa = PBXBuildFile; fileRef = 742FEE6B25B3D58300575CB2 /* Encodable+Dictionary.swift */; };
		742FEE7325B4F65300575CB2 /* GifDetail.swift in Sources */ = {isa = PBXBuildFile; fileRef = 742FEE7225B4F65300575CB2 /* GifDetail.swift */; };
		742FEE7725B506E700575CB2 /* GifDetail+States.swift in Sources */ = {isa = PBXBuildFile; fileRef = 742FEE7625B506E700575CB2 /* GifDetail+States.swift */; };
		742FEE7A25B508FC00575CB2 /* GifDetail+Events.swift in Sources */ = {isa = PBXBuildFile; fileRef = 742FEE7925B508FC00575CB2 /* GifDetail+Events.swift */; };
		742FEE7E25B50A7C00575CB2 /* GifDetail+Transitions.swift in Sources */ = {isa = PBXBuildFile; fileRef = 742FEE7D25B50A7C00575CB2 /* GifDetail+Transitions.swift */; };
		742FEE8225B50A9000575CB2 /* Images.swift in Sources */ = {isa = PBXBuildFile; fileRef = 742FEE8025B50A9000575CB2 /* Images.swift */; };
		742FEE8325B50A9000575CB2 /* Gif.swift in Sources */ = {isa = PBXBuildFile; fileRef = 742FEE8125B50A9000575CB2 /* Gif.swift */; };
		742FEE8725B50CCA00575CB2 /* GifDetail+SideEffects.swift in Sources */ = {isa = PBXBuildFile; fileRef = 742FEE8625B50CCA00575CB2 /* GifDetail+SideEffects.swift */; };
		742FEE8C25B5260E00575CB2 /* GifDetailRequestParameter.swift in Sources */ = {isa = PBXBuildFile; fileRef = 742FEE8A25B5260D00575CB2 /* GifDetailRequestParameter.swift */; };
		742FEE8D25B5260E00575CB2 /* GifDetailResponse.swift in Sources */ = {isa = PBXBuildFile; fileRef = 742FEE8B25B5260D00575CB2 /* GifDetailResponse.swift */; };
		742FEE9225B526EB00575CB2 /* GifDetail+System.swift in Sources */ = {isa = PBXBuildFile; fileRef = 742FEE9125B526EB00575CB2 /* GifDetail+System.swift */; };
		742FEE9725B52D2D00575CB2 /* GifDetail+RootView.swift in Sources */ = {isa = PBXBuildFile; fileRef = 742FEE9625B52D2C00575CB2 /* GifDetail+RootView.swift */; };
		747182A425AE7B0B0098E83E /* ExamplesApp.swift in Sources */ = {isa = PBXBuildFile; fileRef = 747182A325AE7B0B0098E83E /* ExamplesApp.swift */; };
		747182A625AE7B0B0098E83E /* ContentView.swift in Sources */ = {isa = PBXBuildFile; fileRef = 747182A525AE7B0B0098E83E /* ContentView.swift */; };
		747182A825AE7B0E0098E83E /* Assets.xcassets in Resources */ = {isa = PBXBuildFile; fileRef = 747182A725AE7B0E0098E83E /* Assets.xcassets */; };
		747182AB25AE7B0E0098E83E /* Preview Assets.xcassets in Resources */ = {isa = PBXBuildFile; fileRef = 747182AA25AE7B0E0098E83E /* Preview Assets.xcassets */; };
		747182B525AE7FB30098E83E /* Feedbacks in Frameworks */ = {isa = PBXBuildFile; productRef = 747182B425AE7FB30098E83E /* Feedbacks */; };
		747182BA25AE80360098E83E /* CounterHomeView.swift in Sources */ = {isa = PBXBuildFile; fileRef = 747182B925AE80360098E83E /* CounterHomeView.swift */; };
		747182C225AE80DC0098E83E /* Events.swift in Sources */ = {isa = PBXBuildFile; fileRef = 747182C125AE80DC0098E83E /* Events.swift */; };
		747182C625AE81180098E83E /* States.swift in Sources */ = {isa = PBXBuildFile; fileRef = 747182C525AE81180098E83E /* States.swift */; };
		747182C925AE82640098E83E /* CounterApp.swift in Sources */ = {isa = PBXBuildFile; fileRef = 747182C825AE82640098E83E /* CounterApp.swift */; };
		747182CC25AE830E0098E83E /* Transitions.swift in Sources */ = {isa = PBXBuildFile; fileRef = 747182CB25AE830E0098E83E /* Transitions.swift */; };
		747182CF25AE85B40098E83E /* SideEffects.swift in Sources */ = {isa = PBXBuildFile; fileRef = 747182CE25AE85B40098E83E /* SideEffects.swift */; };
		747182D425AE878D0098E83E /* System.swift in Sources */ = {isa = PBXBuildFile; fileRef = 747182D325AE878D0098E83E /* System.swift */; };
		747182DC25AE8B260098E83E /* ViewState.swift in Sources */ = {isa = PBXBuildFile; fileRef = 747182DB25AE8B250098E83E /* ViewState.swift */; };
		74EAB46C25B7BF0A003283E4 /* GifDetail+ViewState.swift in Sources */ = {isa = PBXBuildFile; fileRef = 74EAB46B25B7BF0A003283E4 /* GifDetail+ViewState.swift */; };
/* End PBXBuildFile section */

/* Begin PBXFileReference section */
		742FEE2325B388DA00575CB2 /* GifList.swift */ = {isa = PBXFileReference; lastKnownFileType = sourcecode.swift; path = GifList.swift; sourceTree = "<group>"; };
		742FEE2725B38B1A00575CB2 /* GifList+States.swift */ = {isa = PBXFileReference; lastKnownFileType = sourcecode.swift; path = "GifList+States.swift"; sourceTree = "<group>"; };
		742FEE2D25B38EEE00575CB2 /* GifOverview.swift */ = {isa = PBXFileReference; fileEncoding = 4; lastKnownFileType = sourcecode.swift; path = GifOverview.swift; sourceTree = "<group>"; };
		742FEE3025B38F5300575CB2 /* GifList+Events.swift */ = {isa = PBXFileReference; lastKnownFileType = sourcecode.swift; path = "GifList+Events.swift"; sourceTree = "<group>"; };
		742FEE3425B390C600575CB2 /* GifList+Transitions.swift */ = {isa = PBXFileReference; lastKnownFileType = sourcecode.swift; path = "GifList+Transitions.swift"; sourceTree = "<group>"; };
		742FEE3825B3978600575CB2 /* GifList+SideEffects.swift */ = {isa = PBXFileReference; lastKnownFileType = sourcecode.swift; path = "GifList+SideEffects.swift"; sourceTree = "<group>"; };
		742FEE4225B3AA2500575CB2 /* StorageService.swift */ = {isa = PBXFileReference; lastKnownFileType = sourcecode.swift; path = StorageService.swift; sourceTree = "<group>"; };
		742FEE4625B3AC3600575CB2 /* HTTPService.swift */ = {isa = PBXFileReference; lastKnownFileType = sourcecode.swift; path = HTTPService.swift; sourceTree = "<group>"; };
		742FEE4A25B3B3A200575CB2 /* GifList+System.swift */ = {isa = PBXFileReference; lastKnownFileType = sourcecode.swift; path = "GifList+System.swift"; sourceTree = "<group>"; };
		742FEE4E25B3B42D00575CB2 /* GifListRequestParameter.swift */ = {isa = PBXFileReference; fileEncoding = 4; lastKnownFileType = sourcecode.swift; path = GifListRequestParameter.swift; sourceTree = "<group>"; };
		742FEE4F25B3B42D00575CB2 /* GifListResponse.swift */ = {isa = PBXFileReference; fileEncoding = 4; lastKnownFileType = sourcecode.swift; path = GifListResponse.swift; sourceTree = "<group>"; };
		742FEE5525B3CB6000575CB2 /* Pagination.swift */ = {isa = PBXFileReference; fileEncoding = 4; lastKnownFileType = sourcecode.swift; path = Pagination.swift; sourceTree = "<group>"; };
		742FEE5625B3CB6000575CB2 /* Meta.swift */ = {isa = PBXFileReference; fileEncoding = 4; lastKnownFileType = sourcecode.swift; path = Meta.swift; sourceTree = "<group>"; };
		742FEE5B25B3CC7200575CB2 /* GifList+RootView.swift */ = {isa = PBXFileReference; lastKnownFileType = sourcecode.swift; path = "GifList+RootView.swift"; sourceTree = "<group>"; };
		742FEE5F25B3CC8800575CB2 /* GifList+ViewState.swift */ = {isa = PBXFileReference; lastKnownFileType = sourcecode.swift; path = "GifList+ViewState.swift"; sourceTree = "<group>"; };
		742FEE6225B3CED500575CB2 /* GifList+RowView.swift */ = {isa = PBXFileReference; fileEncoding = 4; lastKnownFileType = sourcecode.swift; path = "GifList+RowView.swift"; sourceTree = "<group>"; };
		742FEE6825B3D02500575CB2 /* ActivityIndicatorView.swift */ = {isa = PBXFileReference; fileEncoding = 4; lastKnownFileType = sourcecode.swift; path = ActivityIndicatorView.swift; sourceTree = "<group>"; };
		742FEE6B25B3D58300575CB2 /* Encodable+Dictionary.swift */ = {isa = PBXFileReference; fileEncoding = 4; lastKnownFileType = sourcecode.swift; path = "Encodable+Dictionary.swift"; sourceTree = "<group>"; };
		742FEE7225B4F65300575CB2 /* GifDetail.swift */ = {isa = PBXFileReference; lastKnownFileType = sourcecode.swift; path = GifDetail.swift; sourceTree = "<group>"; };
		742FEE7625B506E700575CB2 /* GifDetail+States.swift */ = {isa = PBXFileReference; lastKnownFileType = sourcecode.swift; path = "GifDetail+States.swift"; sourceTree = "<group>"; };
		742FEE7925B508FC00575CB2 /* GifDetail+Events.swift */ = {isa = PBXFileReference; lastKnownFileType = sourcecode.swift; path = "GifDetail+Events.swift"; sourceTree = "<group>"; };
		742FEE7D25B50A7C00575CB2 /* GifDetail+Transitions.swift */ = {isa = PBXFileReference; lastKnownFileType = sourcecode.swift; path = "GifDetail+Transitions.swift"; sourceTree = "<group>"; };
		742FEE8025B50A9000575CB2 /* Images.swift */ = {isa = PBXFileReference; fileEncoding = 4; lastKnownFileType = sourcecode.swift; path = Images.swift; sourceTree = "<group>"; };
		742FEE8125B50A9000575CB2 /* Gif.swift */ = {isa = PBXFileReference; fileEncoding = 4; lastKnownFileType = sourcecode.swift; path = Gif.swift; sourceTree = "<group>"; };
		742FEE8625B50CCA00575CB2 /* GifDetail+SideEffects.swift */ = {isa = PBXFileReference; lastKnownFileType = sourcecode.swift; path = "GifDetail+SideEffects.swift"; sourceTree = "<group>"; };
		742FEE8A25B5260D00575CB2 /* GifDetailRequestParameter.swift */ = {isa = PBXFileReference; fileEncoding = 4; lastKnownFileType = sourcecode.swift; path = GifDetailRequestParameter.swift; sourceTree = "<group>"; };
		742FEE8B25B5260D00575CB2 /* GifDetailResponse.swift */ = {isa = PBXFileReference; fileEncoding = 4; lastKnownFileType = sourcecode.swift; path = GifDetailResponse.swift; sourceTree = "<group>"; };
		742FEE9125B526EB00575CB2 /* GifDetail+System.swift */ = {isa = PBXFileReference; lastKnownFileType = sourcecode.swift; path = "GifDetail+System.swift"; sourceTree = "<group>"; };
		742FEE9625B52D2C00575CB2 /* GifDetail+RootView.swift */ = {isa = PBXFileReference; fileEncoding = 4; lastKnownFileType = sourcecode.swift; path = "GifDetail+RootView.swift"; sourceTree = "<group>"; };
		747182A025AE7B0B0098E83E /* Examples.app */ = {isa = PBXFileReference; explicitFileType = wrapper.application; includeInIndex = 0; path = Examples.app; sourceTree = BUILT_PRODUCTS_DIR; };
		747182A325AE7B0B0098E83E /* ExamplesApp.swift */ = {isa = PBXFileReference; lastKnownFileType = sourcecode.swift; path = ExamplesApp.swift; sourceTree = "<group>"; };
		747182A525AE7B0B0098E83E /* ContentView.swift */ = {isa = PBXFileReference; lastKnownFileType = sourcecode.swift; path = ContentView.swift; sourceTree = "<group>"; };
		747182A725AE7B0E0098E83E /* Assets.xcassets */ = {isa = PBXFileReference; lastKnownFileType = folder.assetcatalog; path = Assets.xcassets; sourceTree = "<group>"; };
		747182AA25AE7B0E0098E83E /* Preview Assets.xcassets */ = {isa = PBXFileReference; lastKnownFileType = folder.assetcatalog; path = "Preview Assets.xcassets"; sourceTree = "<group>"; };
		747182AC25AE7B0E0098E83E /* Info.plist */ = {isa = PBXFileReference; lastKnownFileType = text.plist.xml; path = Info.plist; sourceTree = "<group>"; };
		747182B925AE80360098E83E /* CounterHomeView.swift */ = {isa = PBXFileReference; lastKnownFileType = sourcecode.swift; path = CounterHomeView.swift; sourceTree = "<group>"; };
		747182C125AE80DC0098E83E /* Events.swift */ = {isa = PBXFileReference; lastKnownFileType = sourcecode.swift; path = Events.swift; sourceTree = "<group>"; };
		747182C525AE81180098E83E /* States.swift */ = {isa = PBXFileReference; lastKnownFileType = sourcecode.swift; path = States.swift; sourceTree = "<group>"; };
		747182C825AE82640098E83E /* CounterApp.swift */ = {isa = PBXFileReference; lastKnownFileType = sourcecode.swift; path = CounterApp.swift; sourceTree = "<group>"; };
		747182CB25AE830E0098E83E /* Transitions.swift */ = {isa = PBXFileReference; lastKnownFileType = sourcecode.swift; path = Transitions.swift; sourceTree = "<group>"; };
		747182CE25AE85B40098E83E /* SideEffects.swift */ = {isa = PBXFileReference; lastKnownFileType = sourcecode.swift; path = SideEffects.swift; sourceTree = "<group>"; };
		747182D325AE878D0098E83E /* System.swift */ = {isa = PBXFileReference; lastKnownFileType = sourcecode.swift; path = System.swift; sourceTree = "<group>"; };
		747182DB25AE8B250098E83E /* ViewState.swift */ = {isa = PBXFileReference; fileEncoding = 4; lastKnownFileType = sourcecode.swift; path = ViewState.swift; sourceTree = "<group>"; };
		74EAB46B25B7BF0A003283E4 /* GifDetail+ViewState.swift */ = {isa = PBXFileReference; lastKnownFileType = sourcecode.swift; path = "GifDetail+ViewState.swift"; sourceTree = "<group>"; };
/* End PBXFileReference section */

/* Begin PBXFrameworksBuildPhase section */
		7471829D25AE7B0B0098E83E /* Frameworks */ = {
			isa = PBXFrameworksBuildPhase;
			buildActionMask = 2147483647;
			files = (
				747182B525AE7FB30098E83E /* Feedbacks in Frameworks */,
			);
			runOnlyForDeploymentPostprocessing = 0;
		};
/* End PBXFrameworksBuildPhase section */

/* Begin PBXGroup section */
		742FEE1E25B3875800575CB2 /* GiphyApp */ = {
			isa = PBXGroup;
			children = (
				742FEE2A25B38EBD00575CB2 /* Features */,
				742FEE2B25B38ECC00575CB2 /* Models */,
				742FEE4125B3AA1200575CB2 /* Services */,
				742FEE6725B3D01700575CB2 /* Tools */,
			);
			path = GiphyApp;
			sourceTree = "<group>";
		};
		742FEE1F25B3876D00575CB2 /* GifList */ = {
			isa = PBXGroup;
			children = (
				742FEE2225B388B000575CB2 /* System */,
				742FEE5A25B3CC4500575CB2 /* Views */,
				742FEE2325B388DA00575CB2 /* GifList.swift */,
			);
			path = GifList;
			sourceTree = "<group>";
		};
		742FEE2025B3877D00575CB2 /* GifDetail */ = {
			isa = PBXGroup;
			children = (
				742FEE7025B4F64000575CB2 /* System */,
				742FEE7125B4F64500575CB2 /* Views */,
				742FEE7225B4F65300575CB2 /* GifDetail.swift */,
			);
			path = GifDetail;
			sourceTree = "<group>";
		};
		742FEE2225B388B000575CB2 /* System */ = {
			isa = PBXGroup;
			children = (
				742FEE3025B38F5300575CB2 /* GifList+Events.swift */,
				742FEE3825B3978600575CB2 /* GifList+SideEffects.swift */,
				742FEE2725B38B1A00575CB2 /* GifList+States.swift */,
				742FEE4A25B3B3A200575CB2 /* GifList+System.swift */,
				742FEE3425B390C600575CB2 /* GifList+Transitions.swift */,
			);
			path = System;
			sourceTree = "<group>";
		};
		742FEE2A25B38EBD00575CB2 /* Features */ = {
			isa = PBXGroup;
			children = (
				742FEE2025B3877D00575CB2 /* GifDetail */,
				742FEE1F25B3876D00575CB2 /* GifList */,
			);
			path = Features;
			sourceTree = "<group>";
		};
		742FEE2B25B38ECC00575CB2 /* Models */ = {
			isa = PBXGroup;
			children = (
				742FEE4D25B3B41900575CB2 /* Api */,
				742FEE2C25B38EE600575CB2 /* Domain */,
			);
			path = Models;
			sourceTree = "<group>";
		};
		742FEE2C25B38EE600575CB2 /* Domain */ = {
			isa = PBXGroup;
			children = (
				742FEE8125B50A9000575CB2 /* Gif.swift */,
				742FEE2D25B38EEE00575CB2 /* GifOverview.swift */,
				742FEE8025B50A9000575CB2 /* Images.swift */,
				742FEE5625B3CB6000575CB2 /* Meta.swift */,
				742FEE5525B3CB6000575CB2 /* Pagination.swift */,
			);
			path = Domain;
			sourceTree = "<group>";
		};
		742FEE4125B3AA1200575CB2 /* Services */ = {
			isa = PBXGroup;
			children = (
				742FEE4625B3AC3600575CB2 /* HTTPService.swift */,
				742FEE4225B3AA2500575CB2 /* StorageService.swift */,
			);
			path = Services;
			sourceTree = "<group>";
		};
		742FEE4D25B3B41900575CB2 /* Api */ = {
			isa = PBXGroup;
			children = (
				742FEE8A25B5260D00575CB2 /* GifDetailRequestParameter.swift */,
				742FEE8B25B5260D00575CB2 /* GifDetailResponse.swift */,
				742FEE4E25B3B42D00575CB2 /* GifListRequestParameter.swift */,
				742FEE4F25B3B42D00575CB2 /* GifListResponse.swift */,
			);
			path = Api;
			sourceTree = "<group>";
		};
		742FEE5A25B3CC4500575CB2 /* Views */ = {
			isa = PBXGroup;
			children = (
				742FEE5B25B3CC7200575CB2 /* GifList+RootView.swift */,
				742FEE6225B3CED500575CB2 /* GifList+RowView.swift */,
				742FEE5F25B3CC8800575CB2 /* GifList+ViewState.swift */,
			);
			path = Views;
			sourceTree = "<group>";
		};
		742FEE6725B3D01700575CB2 /* Tools */ = {
			isa = PBXGroup;
			children = (
				742FEE6825B3D02500575CB2 /* ActivityIndicatorView.swift */,
				742FEE6B25B3D58300575CB2 /* Encodable+Dictionary.swift */,
			);
			path = Tools;
			sourceTree = "<group>";
		};
		742FEE7025B4F64000575CB2 /* System */ = {
			isa = PBXGroup;
			children = (
				742FEE7925B508FC00575CB2 /* GifDetail+Events.swift */,
				742FEE8625B50CCA00575CB2 /* GifDetail+SideEffects.swift */,
				742FEE7625B506E700575CB2 /* GifDetail+States.swift */,
				742FEE9125B526EB00575CB2 /* GifDetail+System.swift */,
				742FEE7D25B50A7C00575CB2 /* GifDetail+Transitions.swift */,
			);
			path = System;
			sourceTree = "<group>";
		};
		742FEE7125B4F64500575CB2 /* Views */ = {
			isa = PBXGroup;
			children = (
				742FEE9625B52D2C00575CB2 /* GifDetail+RootView.swift */,
				74EAB46B25B7BF0A003283E4 /* GifDetail+ViewState.swift */,
			);
			path = Views;
			sourceTree = "<group>";
		};
		7471829725AE7B0B0098E83E = {
			isa = PBXGroup;
			children = (
				747182A225AE7B0B0098E83E /* Examples */,
				747182A125AE7B0B0098E83E /* Products */,
			);
			sourceTree = "<group>";
		};
		747182A125AE7B0B0098E83E /* Products */ = {
			isa = PBXGroup;
			children = (
				747182A025AE7B0B0098E83E /* Examples.app */,
			);
			name = Products;
			sourceTree = "<group>";
		};
		747182A225AE7B0B0098E83E /* Examples */ = {
			isa = PBXGroup;
			children = (
				747182B725AE7FCF0098E83E /* CounterApp */,
				742FEE1E25B3875800575CB2 /* GiphyApp */,
				747182A325AE7B0B0098E83E /* ExamplesApp.swift */,
				747182A525AE7B0B0098E83E /* ContentView.swift */,
				747182A725AE7B0E0098E83E /* Assets.xcassets */,
				747182AC25AE7B0E0098E83E /* Info.plist */,
				747182A925AE7B0E0098E83E /* Preview Content */,
			);
			path = Examples;
			sourceTree = "<group>";
		};
		747182A925AE7B0E0098E83E /* Preview Content */ = {
			isa = PBXGroup;
			children = (
				747182AA25AE7B0E0098E83E /* Preview Assets.xcassets */,
			);
			path = "Preview Content";
			sourceTree = "<group>";
		};
		747182B725AE7FCF0098E83E /* CounterApp */ = {
			isa = PBXGroup;
			children = (
				747182BD25AE80950098E83E /* System */,
				747182BE25AE809E0098E83E /* Views */,
				747182C825AE82640098E83E /* CounterApp.swift */,
			);
			path = CounterApp;
			sourceTree = "<group>";
		};
		747182BD25AE80950098E83E /* System */ = {
			isa = PBXGroup;
			children = (
				747182C125AE80DC0098E83E /* Events.swift */,
				747182CE25AE85B40098E83E /* SideEffects.swift */,
				747182C525AE81180098E83E /* States.swift */,
				747182D325AE878D0098E83E /* System.swift */,
				747182CB25AE830E0098E83E /* Transitions.swift */,
			);
			path = System;
			sourceTree = "<group>";
		};
		747182BE25AE809E0098E83E /* Views */ = {
			isa = PBXGroup;
			children = (
				747182B925AE80360098E83E /* CounterHomeView.swift */,
				747182DB25AE8B250098E83E /* ViewState.swift */,
			);
			path = Views;
			sourceTree = "<group>";
		};
/* End PBXGroup section */

/* Begin PBXNativeTarget section */
		7471829F25AE7B0B0098E83E /* Examples */ = {
			isa = PBXNativeTarget;
			buildConfigurationList = 747182AF25AE7B0E0098E83E /* Build configuration list for PBXNativeTarget "Examples" */;
			buildPhases = (
				7471829C25AE7B0B0098E83E /* Sources */,
				7471829D25AE7B0B0098E83E /* Frameworks */,
				7471829E25AE7B0B0098E83E /* Resources */,
			);
			buildRules = (
			);
			dependencies = (
			);
			name = Examples;
			packageProductDependencies = (
				747182B425AE7FB30098E83E /* Feedbacks */,
			);
			productName = Examples;
			productReference = 747182A025AE7B0B0098E83E /* Examples.app */;
			productType = "com.apple.product-type.application";
		};
/* End PBXNativeTarget section */

/* Begin PBXProject section */
		7471829825AE7B0B0098E83E /* Project object */ = {
			isa = PBXProject;
			attributes = {
				LastSwiftUpdateCheck = 1230;
				LastUpgradeCheck = 1230;
				TargetAttributes = {
					7471829F25AE7B0B0098E83E = {
						CreatedOnToolsVersion = 12.3;
					};
				};
			};
			buildConfigurationList = 7471829B25AE7B0B0098E83E /* Build configuration list for PBXProject "Examples" */;
			compatibilityVersion = "Xcode 9.3";
			developmentRegion = en;
			hasScannedForEncodings = 0;
			knownRegions = (
				en,
				Base,
			);
			mainGroup = 7471829725AE7B0B0098E83E;
			packageReferences = (
				747182B325AE7FB30098E83E /* XCRemoteSwiftPackageReference "Feedbacks" */,
			);
			productRefGroup = 747182A125AE7B0B0098E83E /* Products */;
			projectDirPath = "";
			projectRoot = "";
			targets = (
				7471829F25AE7B0B0098E83E /* Examples */,
			);
		};
/* End PBXProject section */

/* Begin PBXResourcesBuildPhase section */
		7471829E25AE7B0B0098E83E /* Resources */ = {
			isa = PBXResourcesBuildPhase;
			buildActionMask = 2147483647;
			files = (
				747182AB25AE7B0E0098E83E /* Preview Assets.xcassets in Resources */,
				747182A825AE7B0E0098E83E /* Assets.xcassets in Resources */,
			);
			runOnlyForDeploymentPostprocessing = 0;
		};
/* End PBXResourcesBuildPhase section */

/* Begin PBXSourcesBuildPhase section */
		7471829C25AE7B0B0098E83E /* Sources */ = {
			isa = PBXSourcesBuildPhase;
			buildActionMask = 2147483647;
			files = (
				747182C925AE82640098E83E /* CounterApp.swift in Sources */,
				742FEE3125B38F5300575CB2 /* GifList+Events.swift in Sources */,
				747182C625AE81180098E83E /* States.swift in Sources */,
				742FEE8725B50CCA00575CB2 /* GifDetail+SideEffects.swift in Sources */,
				742FEE9725B52D2D00575CB2 /* GifDetail+RootView.swift in Sources */,
				742FEE2425B388DA00575CB2 /* GifList.swift in Sources */,
				742FEE4725B3AC3600575CB2 /* HTTPService.swift in Sources */,
				747182DC25AE8B260098E83E /* ViewState.swift in Sources */,
				742FEE2825B38B1A00575CB2 /* GifList+States.swift in Sources */,
				742FEE5725B3CB6000575CB2 /* Pagination.swift in Sources */,
				742FEE7E25B50A7C00575CB2 /* GifDetail+Transitions.swift in Sources */,
				742FEE6325B3CED500575CB2 /* GifList+RowView.swift in Sources */,
				742FEE3925B3978600575CB2 /* GifList+SideEffects.swift in Sources */,
				747182CF25AE85B40098E83E /* SideEffects.swift in Sources */,
				742FEE9225B526EB00575CB2 /* GifDetail+System.swift in Sources */,
				747182C225AE80DC0098E83E /* Events.swift in Sources */,
				742FEE2E25B38EEE00575CB2 /* GifOverview.swift in Sources */,
				747182BA25AE80360098E83E /* CounterHomeView.swift in Sources */,
				742FEE6025B3CC8800575CB2 /* GifList+ViewState.swift in Sources */,
				742FEE6925B3D02500575CB2 /* ActivityIndicatorView.swift in Sources */,
				742FEE7A25B508FC00575CB2 /* GifDetail+Events.swift in Sources */,
				742FEE5C25B3CC7200575CB2 /* GifList+RootView.swift in Sources */,
				742FEE5025B3B42D00575CB2 /* GifListRequestParameter.swift in Sources */,
				747182CC25AE830E0098E83E /* Transitions.swift in Sources */,
				742FEE6C25B3D58300575CB2 /* Encodable+Dictionary.swift in Sources */,
				742FEE7325B4F65300575CB2 /* GifDetail.swift in Sources */,
				742FEE8D25B5260E00575CB2 /* GifDetailResponse.swift in Sources */,
				742FEE8C25B5260E00575CB2 /* GifDetailRequestParameter.swift in Sources */,
				74EAB46C25B7BF0A003283E4 /* GifDetail+ViewState.swift in Sources */,
				742FEE7725B506E700575CB2 /* GifDetail+States.swift in Sources */,
				742FEE4325B3AA2500575CB2 /* StorageService.swift in Sources */,
				742FEE8225B50A9000575CB2 /* Images.swift in Sources */,
				747182A625AE7B0B0098E83E /* ContentView.swift in Sources */,
				747182D425AE878D0098E83E /* System.swift in Sources */,
				742FEE5825B3CB6000575CB2 /* Meta.swift in Sources */,
				742FEE8325B50A9000575CB2 /* Gif.swift in Sources */,
				742FEE4B25B3B3A200575CB2 /* GifList+System.swift in Sources */,
				742FEE5125B3B42D00575CB2 /* GifListResponse.swift in Sources */,
				742FEE3525B390C600575CB2 /* GifList+Transitions.swift in Sources */,
				747182A425AE7B0B0098E83E /* ExamplesApp.swift in Sources */,
			);
			runOnlyForDeploymentPostprocessing = 0;
		};
/* End PBXSourcesBuildPhase section */

/* Begin XCBuildConfiguration section */
		747182AD25AE7B0E0098E83E /* Debug */ = {
			isa = XCBuildConfiguration;
			buildSettings = {
				ALWAYS_SEARCH_USER_PATHS = NO;
				CLANG_ANALYZER_NONNULL = YES;
				CLANG_ANALYZER_NUMBER_OBJECT_CONVERSION = YES_AGGRESSIVE;
				CLANG_CXX_LANGUAGE_STANDARD = "gnu++14";
				CLANG_CXX_LIBRARY = "libc++";
				CLANG_ENABLE_MODULES = YES;
				CLANG_ENABLE_OBJC_ARC = YES;
				CLANG_ENABLE_OBJC_WEAK = YES;
				CLANG_WARN_BLOCK_CAPTURE_AUTORELEASING = YES;
				CLANG_WARN_BOOL_CONVERSION = YES;
				CLANG_WARN_COMMA = YES;
				CLANG_WARN_CONSTANT_CONVERSION = YES;
				CLANG_WARN_DEPRECATED_OBJC_IMPLEMENTATIONS = YES;
				CLANG_WARN_DIRECT_OBJC_ISA_USAGE = YES_ERROR;
				CLANG_WARN_DOCUMENTATION_COMMENTS = YES;
				CLANG_WARN_EMPTY_BODY = YES;
				CLANG_WARN_ENUM_CONVERSION = YES;
				CLANG_WARN_INFINITE_RECURSION = YES;
				CLANG_WARN_INT_CONVERSION = YES;
				CLANG_WARN_NON_LITERAL_NULL_CONVERSION = YES;
				CLANG_WARN_OBJC_IMPLICIT_RETAIN_SELF = YES;
				CLANG_WARN_OBJC_LITERAL_CONVERSION = YES;
				CLANG_WARN_OBJC_ROOT_CLASS = YES_ERROR;
				CLANG_WARN_QUOTED_INCLUDE_IN_FRAMEWORK_HEADER = YES;
				CLANG_WARN_RANGE_LOOP_ANALYSIS = YES;
				CLANG_WARN_STRICT_PROTOTYPES = YES;
				CLANG_WARN_SUSPICIOUS_MOVE = YES;
				CLANG_WARN_UNGUARDED_AVAILABILITY = YES_AGGRESSIVE;
				CLANG_WARN_UNREACHABLE_CODE = YES;
				CLANG_WARN__DUPLICATE_METHOD_MATCH = YES;
				COPY_PHASE_STRIP = NO;
				DEBUG_INFORMATION_FORMAT = dwarf;
				ENABLE_STRICT_OBJC_MSGSEND = YES;
				ENABLE_TESTABILITY = YES;
				GCC_C_LANGUAGE_STANDARD = gnu11;
				GCC_DYNAMIC_NO_PIC = NO;
				GCC_NO_COMMON_BLOCKS = YES;
				GCC_OPTIMIZATION_LEVEL = 0;
				GCC_PREPROCESSOR_DEFINITIONS = (
					"DEBUG=1",
					"$(inherited)",
				);
				GCC_WARN_64_TO_32_BIT_CONVERSION = YES;
				GCC_WARN_ABOUT_RETURN_TYPE = YES_ERROR;
				GCC_WARN_UNDECLARED_SELECTOR = YES;
				GCC_WARN_UNINITIALIZED_AUTOS = YES_AGGRESSIVE;
				GCC_WARN_UNUSED_FUNCTION = YES;
				GCC_WARN_UNUSED_VARIABLE = YES;
				IPHONEOS_DEPLOYMENT_TARGET = 14.3;
				MTL_ENABLE_DEBUG_INFO = INCLUDE_SOURCE;
				MTL_FAST_MATH = YES;
				ONLY_ACTIVE_ARCH = YES;
				SDKROOT = iphoneos;
				SWIFT_ACTIVE_COMPILATION_CONDITIONS = DEBUG;
				SWIFT_OPTIMIZATION_LEVEL = "-Onone";
			};
			name = Debug;
		};
		747182AE25AE7B0E0098E83E /* Release */ = {
			isa = XCBuildConfiguration;
			buildSettings = {
				ALWAYS_SEARCH_USER_PATHS = NO;
				CLANG_ANALYZER_NONNULL = YES;
				CLANG_ANALYZER_NUMBER_OBJECT_CONVERSION = YES_AGGRESSIVE;
				CLANG_CXX_LANGUAGE_STANDARD = "gnu++14";
				CLANG_CXX_LIBRARY = "libc++";
				CLANG_ENABLE_MODULES = YES;
				CLANG_ENABLE_OBJC_ARC = YES;
				CLANG_ENABLE_OBJC_WEAK = YES;
				CLANG_WARN_BLOCK_CAPTURE_AUTORELEASING = YES;
				CLANG_WARN_BOOL_CONVERSION = YES;
				CLANG_WARN_COMMA = YES;
				CLANG_WARN_CONSTANT_CONVERSION = YES;
				CLANG_WARN_DEPRECATED_OBJC_IMPLEMENTATIONS = YES;
				CLANG_WARN_DIRECT_OBJC_ISA_USAGE = YES_ERROR;
				CLANG_WARN_DOCUMENTATION_COMMENTS = YES;
				CLANG_WARN_EMPTY_BODY = YES;
				CLANG_WARN_ENUM_CONVERSION = YES;
				CLANG_WARN_INFINITE_RECURSION = YES;
				CLANG_WARN_INT_CONVERSION = YES;
				CLANG_WARN_NON_LITERAL_NULL_CONVERSION = YES;
				CLANG_WARN_OBJC_IMPLICIT_RETAIN_SELF = YES;
				CLANG_WARN_OBJC_LITERAL_CONVERSION = YES;
				CLANG_WARN_OBJC_ROOT_CLASS = YES_ERROR;
				CLANG_WARN_QUOTED_INCLUDE_IN_FRAMEWORK_HEADER = YES;
				CLANG_WARN_RANGE_LOOP_ANALYSIS = YES;
				CLANG_WARN_STRICT_PROTOTYPES = YES;
				CLANG_WARN_SUSPICIOUS_MOVE = YES;
				CLANG_WARN_UNGUARDED_AVAILABILITY = YES_AGGRESSIVE;
				CLANG_WARN_UNREACHABLE_CODE = YES;
				CLANG_WARN__DUPLICATE_METHOD_MATCH = YES;
				COPY_PHASE_STRIP = NO;
				DEBUG_INFORMATION_FORMAT = "dwarf-with-dsym";
				ENABLE_NS_ASSERTIONS = NO;
				ENABLE_STRICT_OBJC_MSGSEND = YES;
				GCC_C_LANGUAGE_STANDARD = gnu11;
				GCC_NO_COMMON_BLOCKS = YES;
				GCC_WARN_64_TO_32_BIT_CONVERSION = YES;
				GCC_WARN_ABOUT_RETURN_TYPE = YES_ERROR;
				GCC_WARN_UNDECLARED_SELECTOR = YES;
				GCC_WARN_UNINITIALIZED_AUTOS = YES_AGGRESSIVE;
				GCC_WARN_UNUSED_FUNCTION = YES;
				GCC_WARN_UNUSED_VARIABLE = YES;
				IPHONEOS_DEPLOYMENT_TARGET = 14.3;
				MTL_ENABLE_DEBUG_INFO = NO;
				MTL_FAST_MATH = YES;
				SDKROOT = iphoneos;
				SWIFT_COMPILATION_MODE = wholemodule;
				SWIFT_OPTIMIZATION_LEVEL = "-O";
				VALIDATE_PRODUCT = YES;
			};
			name = Release;
		};
		747182B025AE7B0E0098E83E /* Debug */ = {
			isa = XCBuildConfiguration;
			buildSettings = {
				ASSETCATALOG_COMPILER_APPICON_NAME = AppIcon;
				ASSETCATALOG_COMPILER_GLOBAL_ACCENT_COLOR_NAME = AccentColor;
				CODE_SIGN_STYLE = Automatic;
				DEVELOPMENT_ASSET_PATHS = "\"Examples/Preview Content\"";
				DEVELOPMENT_TEAM = 3V5265LQM9;
				ENABLE_PREVIEWS = YES;
				INFOPLIST_FILE = Examples/Info.plist;
				IPHONEOS_DEPLOYMENT_TARGET = 14.0;
				LD_RUNPATH_SEARCH_PATHS = (
					"$(inherited)",
					"@executable_path/Frameworks",
				);
				PRODUCT_BUNDLE_IDENTIFIER = io.wapfactor.Examples;
				PRODUCT_NAME = "$(TARGET_NAME)";
				SWIFT_VERSION = 5.0;
				TARGETED_DEVICE_FAMILY = "1,2";
			};
			name = Debug;
		};
		747182B125AE7B0E0098E83E /* Release */ = {
			isa = XCBuildConfiguration;
			buildSettings = {
				ASSETCATALOG_COMPILER_APPICON_NAME = AppIcon;
				ASSETCATALOG_COMPILER_GLOBAL_ACCENT_COLOR_NAME = AccentColor;
				CODE_SIGN_STYLE = Automatic;
				DEVELOPMENT_ASSET_PATHS = "\"Examples/Preview Content\"";
				DEVELOPMENT_TEAM = 3V5265LQM9;
				ENABLE_PREVIEWS = YES;
				INFOPLIST_FILE = Examples/Info.plist;
				IPHONEOS_DEPLOYMENT_TARGET = 14.0;
				LD_RUNPATH_SEARCH_PATHS = (
					"$(inherited)",
					"@executable_path/Frameworks",
				);
				PRODUCT_BUNDLE_IDENTIFIER = io.wapfactor.Examples;
				PRODUCT_NAME = "$(TARGET_NAME)";
				SWIFT_VERSION = 5.0;
				TARGETED_DEVICE_FAMILY = "1,2";
			};
			name = Release;
		};
/* End XCBuildConfiguration section */

/* Begin XCConfigurationList section */
		7471829B25AE7B0B0098E83E /* Build configuration list for PBXProject "Examples" */ = {
			isa = XCConfigurationList;
			buildConfigurations = (
				747182AD25AE7B0E0098E83E /* Debug */,
				747182AE25AE7B0E0098E83E /* Release */,
			);
			defaultConfigurationIsVisible = 0;
			defaultConfigurationName = Release;
		};
		747182AF25AE7B0E0098E83E /* Build configuration list for PBXNativeTarget "Examples" */ = {
			isa = XCConfigurationList;
			buildConfigurations = (
				747182B025AE7B0E0098E83E /* Debug */,
				747182B125AE7B0E0098E83E /* Release */,
			);
			defaultConfigurationIsVisible = 0;
			defaultConfigurationName = Release;
		};
/* End XCConfigurationList section */

/* Begin XCRemoteSwiftPackageReference section */
		747182B325AE7FB30098E83E /* XCRemoteSwiftPackageReference "Feedbacks" */ = {
			isa = XCRemoteSwiftPackageReference;
			repositoryURL = "git@github.com:twittemb/Feedbacks.git";
			requirement = {
				kind = upToNextMajorVersion;
				minimumVersion = 0.2.0;
			};
		};
/* End XCRemoteSwiftPackageReference section */

/* Begin XCSwiftPackageProductDependency section */
		747182B425AE7FB30098E83E /* Feedbacks */ = {
			isa = XCSwiftPackageProductDependency;
			package = 747182B325AE7FB30098E83E /* XCRemoteSwiftPackageReference "Feedbacks" */;
			productName = Feedbacks;
		};
/* End XCSwiftPackageProductDependency section */
	};
	rootObject = 7471829825AE7B0B0098E83E /* Project object */;
}
