{
  "object": {
    "pins": [
      {
        "package": "Feedbacks",
        "repositoryURL": "git@github.com:twittemb/Feedbacks.git",
        "state": {
          "branch": null,
          "revision": "997f6fbad8e51401a027bdb60bfd4fbc3b15f553",
          "version": null
        }
      }
    ]
  },
  "version": 1
}
