{
  "object": {
    "pins": [
      {
        "package": "Feedbacks",
        "repositoryURL": "git@github.com:twittemb/Feedbacks.git",
        "state": {
          "branch": "main",
          "revision": "797311537dde420c88404bd422e824055e9e2a77",
          "version": null
        }
      }
    ]
  },
  "version": 1
}
