{
  "object": {
    "pins": [
      {
        "package": "Feedbacks",
        "repositoryURL": "git@github.com:twittemb/Feedbacks.git",
        "state": {
          "branch": null,
          "revision": "f3acf94c94068b044ede750994dac36de2f4e76f",
          "version": "0.2.0"
        }
      }
    ]
  },
  "version": 1
}
